
Microsoft Visual Studio Solution File, Format Version 12.00
# Visual Studio Version 16
VisualStudioVersion = 16.0.31729.503
MinimumVisualStudioVersion = 10.0.40219.1
Project("{FAE04EC0-301F-11D3-BF4B-00C04F79EFBC}") = "matrices", "matrices\matrices.csproj", "{B3F86E2C-DE60-4BE8-9E61-1F370FA0AD72}"
EndProject
Global
	GlobalSection(SolutionConfigurationPlatforms) = preSolution
		Debug|Any CPU = Debug|Any CPU
		Release|Any CPU = Release|Any CPU
	EndGlobalSection
	GlobalSection(ProjectConfigurationPlatforms) = postSolution
		{B3F86E2C-DE60-4BE8-9E61-1F370FA0AD72}.Debug|Any CPU.ActiveCfg = Debug|Any CPU
		{B3F86E2C-DE60-4BE8-9E61-1F370FA0AD72}.Debug|Any CPU.Build.0 = Debug|Any CPU
		{B3F86E2C-DE60-4BE8-9E61-1F370FA0AD72}.Release|Any CPU.ActiveCfg = Release|Any CPU
		{B3F86E2C-DE60-4BE8-9E61-1F370FA0AD72}.Release|Any CPU.Build.0 = Release|Any CPU
	EndGlobalSection
	GlobalSection(SolutionProperties) = preSolution
		HideSolutionNode = FALSE
	EndGlobalSection
	GlobalSection(ExtensibilityGlobals) = postSolution
		SolutionGuid = {8763F05A-7E92-4A94-9AC5-AA6561DD2330}
	EndGlobalSection
EndGlobal
